
Microsoft Visual Studio Solution File, Format Version 12.00
# Visual Studio Version 17
VisualStudioVersion = 17.1.32210.238
MinimumVisualStudioVersion = 10.0.40219.1
Project("{9A19103F-16F7-4668-BE54-9A1E7A4F7556}") = "MoreCSharp.Math", "MoreCSharp.Math\MoreCSharp.Math.csproj", "{79BFAF60-DCD4-48B5-A8B5-6FE57F8B9193}"
EndProject
Project("{9A19103F-16F7-4668-BE54-9A1E7A4F7556}") = "MoreCSharp.Collections.Generic", "MoreCSharp.Collections.Generic\MoreCSharp.Collections.Generic.csproj", "{64E4B2A9-FC81-4780-84C7-E30BF8C31835}"
EndProject
Project("{9A19103F-16F7-4668-BE54-9A1E7A4F7556}") = "MoreCSharp.Tests", "MoreCSharp.Tests\MoreCSharp.Tests.csproj", "{F9FD147F-DEBA-4CAA-A9FC-D5339044AE62}"
EndProject
Project("{9A19103F-16F7-4668-BE54-9A1E7A4F7556}") = "MoreCSharp.Extensions.System", "MoreCSharp.Extensions.System\MoreCSharp.Extensions.System.csproj", "{23090A42-3F86-457B-B915-DD48723E9D4F}"
EndProject
Project("{9A19103F-16F7-4668-BE54-9A1E7A4F7556}") = "MoreCSharp.Extensions.System.Collections", "MoreCSharp.Extensions.System.Collections\MoreCSharp.Extensions.System.Collections.csproj", "{3992869D-24B2-4717-933F-291EF87D26B4}"
EndProject
Project("{9A19103F-16F7-4668-BE54-9A1E7A4F7556}") = "MoreCSharp.Extensions.System.Collections.Generic", "MoreCSharp.Extensions.System.Collections.Generic\MoreCSharp.Extensions.System.Collections.Generic.csproj", "{46DA131C-140C-4DF1-9258-2A774B1CD385}"
EndProject
Project("{9A19103F-16F7-4668-BE54-9A1E7A4F7556}") = "MoreCSharp.Threading", "MoreCSharp.Threading\MoreCSharp.Threading.csproj", "{CD61FA4E-41FC-455C-96F7-AAB1AC4829D6}"
EndProject
Project("{FAE04EC0-301F-11D3-BF4B-00C04F79EFBC}") = "MoreCSharp.DistanceLocalization", "MoreCSharp.DistanceLocalization\MoreCSharp.DistanceLocalization.csproj", "{7D15A9B1-D77D-4BD5-8FD4-9E96165D3E93}"
EndProject
Global
	GlobalSection(SolutionConfigurationPlatforms) = preSolution
		Debug|Any CPU = Debug|Any CPU
		Release|Any CPU = Release|Any CPU
	EndGlobalSection
	GlobalSection(ProjectConfigurationPlatforms) = postSolution
		{79BFAF60-DCD4-48B5-A8B5-6FE57F8B9193}.Debug|Any CPU.ActiveCfg = Debug|Any CPU
		{79BFAF60-DCD4-48B5-A8B5-6FE57F8B9193}.Debug|Any CPU.Build.0 = Debug|Any CPU
		{79BFAF60-DCD4-48B5-A8B5-6FE57F8B9193}.Release|Any CPU.ActiveCfg = Release|Any CPU
		{79BFAF60-DCD4-48B5-A8B5-6FE57F8B9193}.Release|Any CPU.Build.0 = Release|Any CPU
		{64E4B2A9-FC81-4780-84C7-E30BF8C31835}.Debug|Any CPU.ActiveCfg = Debug|Any CPU
		{64E4B2A9-FC81-4780-84C7-E30BF8C31835}.Debug|Any CPU.Build.0 = Debug|Any CPU
		{64E4B2A9-FC81-4780-84C7-E30BF8C31835}.Release|Any CPU.ActiveCfg = Release|Any CPU
		{64E4B2A9-FC81-4780-84C7-E30BF8C31835}.Release|Any CPU.Build.0 = Release|Any CPU
		{F9FD147F-DEBA-4CAA-A9FC-D5339044AE62}.Debug|Any CPU.ActiveCfg = Debug|Any CPU
		{F9FD147F-DEBA-4CAA-A9FC-D5339044AE62}.Debug|Any CPU.Build.0 = Debug|Any CPU
		{F9FD147F-DEBA-4CAA-A9FC-D5339044AE62}.Release|Any CPU.ActiveCfg = Release|Any CPU
		{F9FD147F-DEBA-4CAA-A9FC-D5339044AE62}.Release|Any CPU.Build.0 = Release|Any CPU
		{23090A42-3F86-457B-B915-DD48723E9D4F}.Debug|Any CPU.ActiveCfg = Debug|Any CPU
		{23090A42-3F86-457B-B915-DD48723E9D4F}.Debug|Any CPU.Build.0 = Debug|Any CPU
		{23090A42-3F86-457B-B915-DD48723E9D4F}.Release|Any CPU.ActiveCfg = Release|Any CPU
		{23090A42-3F86-457B-B915-DD48723E9D4F}.Release|Any CPU.Build.0 = Release|Any CPU
		{3992869D-24B2-4717-933F-291EF87D26B4}.Debug|Any CPU.ActiveCfg = Debug|Any CPU
		{3992869D-24B2-4717-933F-291EF87D26B4}.Debug|Any CPU.Build.0 = Debug|Any CPU
		{3992869D-24B2-4717-933F-291EF87D26B4}.Release|Any CPU.ActiveCfg = Release|Any CPU
		{3992869D-24B2-4717-933F-291EF87D26B4}.Release|Any CPU.Build.0 = Release|Any CPU
		{46DA131C-140C-4DF1-9258-2A774B1CD385}.Debug|Any CPU.ActiveCfg = Debug|Any CPU
		{46DA131C-140C-4DF1-9258-2A774B1CD385}.Debug|Any CPU.Build.0 = Debug|Any CPU
		{46DA131C-140C-4DF1-9258-2A774B1CD385}.Release|Any CPU.ActiveCfg = Release|Any CPU
		{46DA131C-140C-4DF1-9258-2A774B1CD385}.Release|Any CPU.Build.0 = Release|Any CPU
		{CD61FA4E-41FC-455C-96F7-AAB1AC4829D6}.Debug|Any CPU.ActiveCfg = Debug|Any CPU
		{CD61FA4E-41FC-455C-96F7-AAB1AC4829D6}.Debug|Any CPU.Build.0 = Debug|Any CPU
		{CD61FA4E-41FC-455C-96F7-AAB1AC4829D6}.Release|Any CPU.ActiveCfg = Release|Any CPU
		{CD61FA4E-41FC-455C-96F7-AAB1AC4829D6}.Release|Any CPU.Build.0 = Release|Any CPU
		{7D15A9B1-D77D-4BD5-8FD4-9E96165D3E93}.Debug|Any CPU.ActiveCfg = Debug|Any CPU
		{7D15A9B1-D77D-4BD5-8FD4-9E96165D3E93}.Debug|Any CPU.Build.0 = Debug|Any CPU
		{7D15A9B1-D77D-4BD5-8FD4-9E96165D3E93}.Release|Any CPU.ActiveCfg = Release|Any CPU
		{7D15A9B1-D77D-4BD5-8FD4-9E96165D3E93}.Release|Any CPU.Build.0 = Release|Any CPU
	EndGlobalSection
	GlobalSection(SolutionProperties) = preSolution
		HideSolutionNode = FALSE
	EndGlobalSection
	GlobalSection(ExtensibilityGlobals) = postSolution
		SolutionGuid = {5098AA48-A5EB-4484-A4D8-FC6A7C5E156D}
	EndGlobalSection
EndGlobal
